{
  "version": 4,
  "terraform_version": "1.10.4",
  "serial": 2,
  "lineage": "9f2dd411-cab8-60ea-77a6-1b95532684b1",
  "outputs": {},
  "resources": [
    {
      "mode": "managed",
      "type": "vercel_project",
      "name": "art_gallery",
      "provider": "provider[\"registry.terraform.io/vercel/vercel\"]",
      "instances": [
        {
          "schema_version": 0,
          "attributes": {
            "build_command": null,
            "dev_command": null,
            "environment": [
              {
                "git_branch": null,
                "id": "VLftWwh5DcVHhvaP",
                "key": "NEXT_PUBLIC_SUPABASE_URL",
                "target": [
                  "development",
                  "preview",
                  "production"
                ],
                "value": "https://kktldigerflmsnkdmqsp.supabase.co"
              },
              {
                "git_branch": null,
                "id": "zf1ba1ETikCgCraT",
                "key": "NEXT_PUBLIC_SUPABASE_ANON_KEY",
                "target": [
                  "development",
                  "preview",
                  "production"
                ],
                "value": "eyJhbGciOiJIUzI1NiIsInR5cCI6IkpXVCJ9.eyJpc3MiOiJzdXBhYmFzZSIsInJlZiI6ImtrdGxkaWdlcmZsbXNua2RtcXNwIiwicm9sZSI6ImFub24iLCJpYXQiOjE3NDMzMjIxODgsImV4cCI6MjA1ODg5ODE4OH0.ulIy5j7si7fGiKgz5Jq35Ya-w8V5xVWcnRGb-05GTIQ"
              }
            ],
            "framework": "nextjs",
            "git_repository": {
              "repo": "suryaakkala/Art-Gallery",
              "type": "github"
            },
            "id": "prj_kRLsvUnraueLsgm5ZiXBdB1KOVHv",
            "ignore_command": null,
            "install_command": null,
            "name": "art-gallery",
            "output_directory": null,
            "public_source": null,
            "root_directory": null,
            "serverless_function_region": "iad1",
            "team_id": null
          },
          "sensitive_attributes": [
            [
              {
                "type": "get_attr",
                "value": "environment"
              }
            ]
          ]
        }
      ]
    }
  ],
  "check_results": null
}
